
Microsoft Visual Studio Solution File, Format Version 12.00
# Visual Studio 15
VisualStudioVersion = 15.0.28307.1209
MinimumVisualStudioVersion = 10.0.40219.1
Project("{FAE04EC0-301F-11D3-BF4B-00C04F79EFBC}") = "Notifier", "Notifier\Notifier.csproj", "{D4F470FF-A3C8-4E94-BA97-A523451C7214}"
EndProject
Global
	GlobalSection(SolutionConfigurationPlatforms) = preSolution
		Debug|Any CPU = Debug|Any CPU
		Release|Any CPU = Release|Any CPU
	EndGlobalSection
	GlobalSection(ProjectConfigurationPlatforms) = postSolution
		{D4F470FF-A3C8-4E94-BA97-A523451C7214}.Debug|Any CPU.ActiveCfg = Debug|Any CPU
		{D4F470FF-A3C8-4E94-BA97-A523451C7214}.Debug|Any CPU.Build.0 = Debug|Any CPU
		{D4F470FF-A3C8-4E94-BA97-A523451C7214}.Release|Any CPU.ActiveCfg = Release|Any CPU
		{D4F470FF-A3C8-4E94-BA97-A523451C7214}.Release|Any CPU.Build.0 = Release|Any CPU
	EndGlobalSection
	GlobalSection(SolutionProperties) = preSolution
		HideSolutionNode = FALSE
	EndGlobalSection
	GlobalSection(ExtensibilityGlobals) = postSolution
		SolutionGuid = {F26AB5DF-8B99-483E-A8A9-7DB7E5214604}
	EndGlobalSection
EndGlobal
